
Microsoft Visual Studio Solution File, Format Version 12.00
# Visual Studio Version 17
VisualStudioVersion = 17.13.35931.197 d17.13
MinimumVisualStudioVersion = 10.0.40219.1
Project("{FAE04EC0-301F-11D3-BF4B-00C04F79EFBC}") = "MVC_CoreWeb", "MVC_CoreWeb\MVC_CoreWeb.csproj", "{F8835575-FF48-45AF-BEC9-1F4B4EF68D4E}"
EndProject
Global
	GlobalSection(SolutionConfigurationPlatforms) = preSolution
		Debug|Any CPU = Debug|Any CPU
		Release|Any CPU = Release|Any CPU
	EndGlobalSection
	GlobalSection(ProjectConfigurationPlatforms) = postSolution
		{F8835575-FF48-45AF-BEC9-1F4B4EF68D4E}.Debug|Any CPU.ActiveCfg = Debug|Any CPU
		{F8835575-FF48-45AF-BEC9-1F4B4EF68D4E}.Debug|Any CPU.Build.0 = Debug|Any CPU
		{F8835575-FF48-45AF-BEC9-1F4B4EF68D4E}.Release|Any CPU.ActiveCfg = Release|Any CPU
		{F8835575-FF48-45AF-BEC9-1F4B4EF68D4E}.Release|Any CPU.Build.0 = Release|Any CPU
	EndGlobalSection
	GlobalSection(SolutionProperties) = preSolution
		HideSolutionNode = FALSE
	EndGlobalSection
	GlobalSection(ExtensibilityGlobals) = postSolution
		SolutionGuid = {F088F5CE-1594-42A7-BEAC-8B029E3DFD64}
	EndGlobalSection
EndGlobal
